// !$*UTF8*$!
{
	archiveVersion = 1;
	classes = {
	};
	objectVersion = 46;
	objects = {

/* Begin PBXBuildFile section */
		EFB32E2E19CA488C00A19486 /* AppDelegate.swift in Sources */ = {isa = PBXBuildFile; fileRef = EFB32E2D19CA488C00A19486 /* AppDelegate.swift */; };
		EFB32E3019CA488C00A19486 /* ViewController.swift in Sources */ = {isa = PBXBuildFile; fileRef = EFB32E2F19CA488C00A19486 /* ViewController.swift */; };
		EFB32E3319CA488C00A19486 /* Main.storyboard in Resources */ = {isa = PBXBuildFile; fileRef = EFB32E3119CA488C00A19486 /* Main.storyboard */; };
		EFB32E3519CA488C00A19486 /* Images.xcassets in Resources */ = {isa = PBXBuildFile; fileRef = EFB32E3419CA488C00A19486 /* Images.xcassets */; };
		EFB32E3819CA488C00A19486 /* LaunchScreen.xib in Resources */ = {isa = PBXBuildFile; fileRef = EFB32E3619CA488C00A19486 /* LaunchScreen.xib */; };
		EFB32E4419CA488C00A19486 /* PostcardTests.swift in Sources */ = {isa = PBXBuildFile; fileRef = EFB32E4319CA488C00A19486 /* PostcardTests.swift */; };
/* End PBXBuildFile section */

/* Begin PBXContainerItemProxy section */
		EFB32E3E19CA488C00A19486 /* PBXContainerItemProxy */ = {
			isa = PBXContainerItemProxy;
			containerPortal = EFB32E2019CA488C00A19486 /* Project object */;
			proxyType = 1;
			remoteGlobalIDString = EFB32E2719CA488C00A19486;
			remoteInfo = Postcard;
		};
/* End PBXContainerItemProxy section */

/* Begin PBXFileReference section */
		EFB32E2819CA488C00A19486 /* Postcard.app */ = {isa = PBXFileReference; explicitFileType = wrapper.application; includeInIndex = 0; path = Postcard.app; sourceTree = BUILT_PRODUCTS_DIR; };
		EFB32E2C19CA488C00A19486 /* Info.plist */ = {isa = PBXFileReference; lastKnownFileType = text.plist.xml; path = Info.plist; sourceTree = "<group>"; };
		EFB32E2D19CA488C00A19486 /* AppDelegate.swift */ = {isa = PBXFileReference; lastKnownFileType = sourcecode.swift; path = AppDelegate.swift; sourceTree = "<group>"; };
		EFB32E2F19CA488C00A19486 /* ViewController.swift */ = {isa = PBXFileReference; lastKnownFileType = sourcecode.swift; path = ViewController.swift; sourceTree = "<group>"; };
		EFB32E3219CA488C00A19486 /* Base */ = {isa = PBXFileReference; lastKnownFileType = file.storyboard; name = Base; path = Base.lproj/Main.storyboard; sourceTree = "<group>"; };
		EFB32E3419CA488C00A19486 /* Images.xcassets */ = {isa = PBXFileReference; lastKnownFileType = folder.assetcatalog; path = Images.xcassets; sourceTree = "<group>"; };
		EFB32E3719CA488C00A19486 /* Base */ = {isa = PBXFileReference; lastKnownFileType = file.xib; name = Base; path = Base.lproj/LaunchScreen.xib; sourceTree = "<group>"; };
		EFB32E3D19CA488C00A19486 /* PostcardTests.xctest */ = {isa = PBXFileReference; explicitFileType = wrapper.cfbundle; includeInIndex = 0; path = PostcardTests.xctest; sourceTree = BUILT_PRODUCTS_DIR; };
		EFB32E4219CA488C00A19486 /* Info.plist */ = {isa = PBXFileReference; lastKnownFileType = text.plist.xml; path = Info.plist; sourceTree = "<group>"; };
		EFB32E4319CA488C00A19486 /* PostcardTests.swift */ = {isa = PBXFileReference; lastKnownFileType = sourcecode.swift; path = PostcardTests.swift; sourceTree = "<group>"; };
/* End PBXFileReference section */

/* Begin PBXFrameworksBuildPhase section */
		EFB32E2519CA488C00A19486 /* Frameworks */ = {
			isa = PBXFrameworksBuildPhase;
			buildActionMask = 2147483647;
			files = (
			);
			runOnlyForDeploymentPostprocessing = 0;
		};
		EFB32E3A19CA488C00A19486 /* Frameworks */ = {
			isa = PBXFrameworksBuildPhase;
			buildActionMask = 2147483647;
			files = (
			);
			runOnlyForDeploymentPostprocessing = 0;
		};
/* End PBXFrameworksBuildPhase section */

/* Begin PBXGroup section */
		EFB32E1F19CA488C00A19486 = {
			isa = PBXGroup;
			children = (
				EFB32E2A19CA488C00A19486 /* Postcard */,
				EFB32E4019CA488C00A19486 /* PostcardTests */,
				EFB32E2919CA488C00A19486 /* Products */,
			);
			sourceTree = "<group>";
		};
		EFB32E2919CA488C00A19486 /* Products */ = {
			isa = PBXGroup;
			children = (
				EFB32E2819CA488C00A19486 /* Postcard.app */,
				EFB32E3D19CA488C00A19486 /* PostcardTests.xctest */,
			);
			name = Products;
			sourceTree = "<group>";
		};
		EFB32E2A19CA488C00A19486 /* Postcard */ = {
			isa = PBXGroup;
			children = (
				EFB32E2D19CA488C00A19486 /* AppDelegate.swift */,
				EFB32E2F19CA488C00A19486 /* ViewController.swift */,
				EFB32E3119CA488C00A19486 /* Main.storyboard */,
				EFB32E3419CA488C00A19486 /* Images.xcassets */,
				EFB32E3619CA488C00A19486 /* LaunchScreen.xib */,
				EFB32E2B19CA488C00A19486 /* Supporting Files */,
			);
			path = Postcard;
			sourceTree = "<group>";
		};
		EFB32E2B19CA488C00A19486 /* Supporting Files */ = {
			isa = PBXGroup;
			children = (
				EFB32E2C19CA488C00A19486 /* Info.plist */,
			);
			name = "Supporting Files";
			sourceTree = "<group>";
		};
		EFB32E4019CA488C00A19486 /* PostcardTests */ = {
			isa = PBXGroup;
			children = (
				EFB32E4319CA488C00A19486 /* PostcardTests.swift */,
				EFB32E4119CA488C00A19486 /* Supporting Files */,
			);
			path = PostcardTests;
			sourceTree = "<group>";
		};
		EFB32E4119CA488C00A19486 /* Supporting Files */ = {
			isa = PBXGroup;
			children = (
				EFB32E4219CA488C00A19486 /* Info.plist */,
			);
			name = "Supporting Files";
			sourceTree = "<group>";
		};
/* End PBXGroup section */

/* Begin PBXNativeTarget section */
		EFB32E2719CA488C00A19486 /* Postcard */ = {
			isa = PBXNativeTarget;
			buildConfigurationList = EFB32E4719CA488C00A19486 /* Build configuration list for PBXNativeTarget "Postcard" */;
			buildPhases = (
				EFB32E2419CA488C00A19486 /* Sources */,
				EFB32E2519CA488C00A19486 /* Frameworks */,
				EFB32E2619CA488C00A19486 /* Resources */,
			);
			buildRules = (
			);
			dependencies = (
			);
			name = Postcard;
			productName = Postcard;
			productReference = EFB32E2819CA488C00A19486 /* Postcard.app */;
			productType = "com.apple.product-type.application";
		};
		EFB32E3C19CA488C00A19486 /* PostcardTests */ = {
			isa = PBXNativeTarget;
			buildConfigurationList = EFB32E4A19CA488C00A19486 /* Build configuration list for PBXNativeTarget "PostcardTests" */;
			buildPhases = (
				EFB32E3919CA488C00A19486 /* Sources */,
				EFB32E3A19CA488C00A19486 /* Frameworks */,
				EFB32E3B19CA488C00A19486 /* Resources */,
			);
			buildRules = (
			);
			dependencies = (
				EFB32E3F19CA488C00A19486 /* PBXTargetDependency */,
			);
			name = PostcardTests;
			productName = PostcardTests;
			productReference = EFB32E3D19CA488C00A19486 /* PostcardTests.xctest */;
			productType = "com.apple.product-type.bundle.unit-test";
		};
/* End PBXNativeTarget section */

/* Begin PBXProject section */
		EFB32E2019CA488C00A19486 /* Project object */ = {
			isa = PBXProject;
			attributes = {
				LastUpgradeCheck = 0600;
				ORGANIZATIONNAME = "Mario Chan";
				TargetAttributes = {
					EFB32E2719CA488C00A19486 = {
						CreatedOnToolsVersion = 6.0;
					};
					EFB32E3C19CA488C00A19486 = {
						CreatedOnToolsVersion = 6.0;
						TestTargetID = EFB32E2719CA488C00A19486;
					};
				};
			};
			buildConfigurationList = EFB32E2319CA488C00A19486 /* Build configuration list for PBXProject "Postcard" */;
			compatibilityVersion = "Xcode 3.2";
			developmentRegion = English;
			hasScannedForEncodings = 0;
			knownRegions = (
				en,
				Base,
			);
			mainGroup = EFB32E1F19CA488C00A19486;
			productRefGroup = EFB32E2919CA488C00A19486 /* Products */;
			projectDirPath = "";
			projectRoot = "";
			targets = (
				EFB32E2719CA488C00A19486 /* Postcard */,
				EFB32E3C19CA488C00A19486 /* PostcardTests */,
			);
		};
/* End PBXProject section */

/* Begin PBXResourcesBuildPhase section */
		EFB32E2619CA488C00A19486 /* Resources */ = {
			isa = PBXResourcesBuildPhase;
			buildActionMask = 2147483647;
			files = (
				EFB32E3319CA488C00A19486 /* Main.storyboard in Resources */,
				EFB32E3819CA488C00A19486 /* LaunchScreen.xib in Resources */,
				EFB32E3519CA488C00A19486 /* Images.xcassets in Resources */,
			);
			runOnlyForDeploymentPostprocessing = 0;
		};
		EFB32E3B19CA488C00A19486 /* Resources */ = {
			isa = PBXResourcesBuildPhase;
			buildActionMask = 2147483647;
			files = (
			);
			runOnlyForDeploymentPostprocessing = 0;
		};
/* End PBXResourcesBuildPhase section */

/* Begin PBXSourcesBuildPhase section */
		EFB32E2419CA488C00A19486 /* Sources */ = {
			isa = PBXSourcesBuildPhase;
			buildActionMask = 2147483647;
			files = (
				EFB32E3019CA488C00A19486 /* ViewController.swift in Sources */,
				EFB32E2E19CA488C00A19486 /* AppDelegate.swift in Sources */,
			);
			runOnlyForDeploymentPostprocessing = 0;
		};
		EFB32E3919CA488C00A19486 /* Sources */ = {
			isa = PBXSourcesBuildPhase;
			buildActionMask = 2147483647;
			files = (
				EFB32E4419CA488C00A19486 /* PostcardTests.swift in Sources */,
			);
			runOnlyForDeploymentPostprocessing = 0;
		};
/* End PBXSourcesBuildPhase section */

/* Begin PBXTargetDependency section */
		EFB32E3F19CA488C00A19486 /* PBXTargetDependency */ = {
			isa = PBXTargetDependency;
			target = EFB32E2719CA488C00A19486 /* Postcard */;
			targetProxy = EFB32E3E19CA488C00A19486 /* PBXContainerItemProxy */;
		};
/* End PBXTargetDependency section */

/* Begin PBXVariantGroup section */
		EFB32E3119CA488C00A19486 /* Main.storyboard */ = {
			isa = PBXVariantGroup;
			children = (
				EFB32E3219CA488C00A19486 /* Base */,
			);
			name = Main.storyboard;
			sourceTree = "<group>";
		};
		EFB32E3619CA488C00A19486 /* LaunchScreen.xib */ = {
			isa = PBXVariantGroup;
			children = (
				EFB32E3719CA488C00A19486 /* Base */,
			);
			name = LaunchScreen.xib;
			sourceTree = "<group>";
		};
/* End PBXVariantGroup section */

/* Begin XCBuildConfiguration section */
		EFB32E4519CA488C00A19486 /* Debug */ = {
			isa = XCBuildConfiguration;
			buildSettings = {
				ALWAYS_SEARCH_USER_PATHS = NO;
				CLANG_CXX_LANGUAGE_STANDARD = "gnu++0x";
				CLANG_CXX_LIBRARY = "libc++";
				CLANG_ENABLE_MODULES = YES;
				CLANG_ENABLE_OBJC_ARC = YES;
				CLANG_WARN_BOOL_CONVERSION = YES;
				CLANG_WARN_CONSTANT_CONVERSION = YES;
				CLANG_WARN_DIRECT_OBJC_ISA_USAGE = YES_ERROR;
				CLANG_WARN_EMPTY_BODY = YES;
				CLANG_WARN_ENUM_CONVERSION = YES;
				CLANG_WARN_INT_CONVERSION = YES;
				CLANG_WARN_OBJC_ROOT_CLASS = YES_ERROR;
				CLANG_WARN_UNREACHABLE_CODE = YES;
				CLANG_WARN__DUPLICATE_METHOD_MATCH = YES;
				"CODE_SIGN_IDENTITY[sdk=iphoneos*]" = "iPhone Developer";
				COPY_PHASE_STRIP = NO;
				ENABLE_STRICT_OBJC_MSGSEND = YES;
				GCC_C_LANGUAGE_STANDARD = gnu99;
				GCC_DYNAMIC_NO_PIC = NO;
				GCC_OPTIMIZATION_LEVEL = 0;
				GCC_PREPROCESSOR_DEFINITIONS = (
					"DEBUG=1",
					"$(inherited)",
				);
				GCC_SYMBOLS_PRIVATE_EXTERN = NO;
				GCC_WARN_64_TO_32_BIT_CONVERSION = YES;
				GCC_WARN_ABOUT_RETURN_TYPE = YES_ERROR;
				GCC_WARN_UNDECLARED_SELECTOR = YES;
				GCC_WARN_UNINITIALIZED_AUTOS = YES_AGGRESSIVE;
				GCC_WARN_UNUSED_FUNCTION = YES;
				GCC_WARN_UNUSED_VARIABLE = YES;
				IPHONEOS_DEPLOYMENT_TARGET = 8.0;
				MTL_ENABLE_DEBUG_INFO = YES;
				ONLY_ACTIVE_ARCH = YES;
				SDKROOT = iphoneos;
				SWIFT_OPTIMIZATION_LEVEL = "-Onone";
			};
			name = Debug;
		};
		EFB32E4619CA488C00A19486 /* Release */ = {
			isa = XCBuildConfiguration;
			buildSettings = {
				ALWAYS_SEARCH_USER_PATHS = NO;
				CLANG_CXX_LANGUAGE_STANDARD = "gnu++0x";
				CLANG_CXX_LIBRARY = "libc++";
				CLANG_ENABLE_MODULES = YES;
				CLANG_ENABLE_OBJC_ARC = YES;
				CLANG_WARN_BOOL_CONVERSION = YES;
				CLANG_WARN_CONSTANT_CONVERSION = YES;
				CLANG_WARN_DIRECT_OBJC_ISA_USAGE = YES_ERROR;
				CLANG_WARN_EMPTY_BODY = YES;
				CLANG_WARN_ENUM_CONVERSION = YES;
				CLANG_WARN_INT_CONVERSION = YES;
				CLANG_WARN_OBJC_ROOT_CLASS = YES_ERROR;
				CLANG_WARN_UNREACHABLE_CODE = YES;
				CLANG_WARN__DUPLICATE_METHOD_MATCH = YES;
				"CODE_SIGN_IDENTITY[sdk=iphoneos*]" = "iPhone Developer";
				COPY_PHASE_STRIP = YES;
				ENABLE_NS_ASSERTIONS = NO;
				ENABLE_STRICT_OBJC_MSGSEND = YES;
				GCC_C_LANGUAGE_STANDARD = gnu99;
				GCC_WARN_64_TO_32_BIT_CONVERSION = YES;
				GCC_WARN_ABOUT_RETURN_TYPE = YES_ERROR;
				GCC_WARN_UNDECLARED_SELECTOR = YES;
				GCC_WARN_UNINITIALIZED_AUTOS = YES_AGGRESSIVE;
				GCC_WARN_UNUSED_FUNCTION = YES;
				GCC_WARN_UNUSED_VARIABLE = YES;
				IPHONEOS_DEPLOYMENT_TARGET = 8.0;
				MTL_ENABLE_DEBUG_INFO = NO;
				SDKROOT = iphoneos;
				VALIDATE_PRODUCT = YES;
			};
			name = Release;
		};
		EFB32E4819CA488C00A19486 /* Debug */ = {
			isa = XCBuildConfiguration;
			buildSettings = {
				ASSETCATALOG_COMPILER_APPICON_NAME = AppIcon;
				INFOPLIST_FILE = Postcard/Info.plist;
				LD_RUNPATH_SEARCH_PATHS = "$(inherited) @executable_path/Frameworks";
				PRODUCT_NAME = "$(TARGET_NAME)";
			};
			name = Debug;
		};
		EFB32E4919CA488C00A19486 /* Release */ = {
			isa = XCBuildConfiguration;
			buildSettings = {
				ASSETCATALOG_COMPILER_APPICON_NAME = AppIcon;
				INFOPLIST_FILE = Postcard/Info.plist;
				LD_RUNPATH_SEARCH_PATHS = "$(inherited) @executable_path/Frameworks";
				PRODUCT_NAME = "$(TARGET_NAME)";
			};
			name = Release;
		};
		EFB32E4B19CA488C00A19486 /* Debug */ = {
			isa = XCBuildConfiguration;
			buildSettings = {
				BUNDLE_LOADER = "$(TEST_HOST)";
				FRAMEWORK_SEARCH_PATHS = (
					"$(SDKROOT)/Developer/Library/Frameworks",
					"$(inherited)",
				);
				GCC_PREPROCESSOR_DEFINITIONS = (
					"DEBUG=1",
					"$(inherited)",
				);
				INFOPLIST_FILE = PostcardTests/Info.plist;
				LD_RUNPATH_SEARCH_PATHS = "$(inherited) @executable_path/Frameworks @loader_path/Frameworks";
				PRODUCT_NAME = "$(TARGET_NAME)";
				TEST_HOST = "$(BUILT_PRODUCTS_DIR)/Postcard.app/Postcard";
			};
			name = Debug;
		};
		EFB32E4C19CA488C00A19486 /* Release */ = {
			isa = XCBuildConfiguration;
			buildSettings = {
				BUNDLE_LOADER = "$(TEST_HOST)";
				FRAMEWORK_SEARCH_PATHS = (
					"$(SDKROOT)/Developer/Library/Frameworks",
					"$(inherited)",
				);
				INFOPLIST_FILE = PostcardTests/Info.plist;
				LD_RUNPATH_SEARCH_PATHS = "$(inherited) @executable_path/Frameworks @loader_path/Frameworks";
				PRODUCT_NAME = "$(TARGET_NAME)";
				TEST_HOST = "$(BUILT_PRODUCTS_DIR)/Postcard.app/Postcard";
			};
			name = Release;
		};
/* End XCBuildConfiguration section */

/* Begin XCConfigurationList section */
		EFB32E2319CA488C00A19486 /* Build configuration list for PBXProject "Postcard" */ = {
			isa = XCConfigurationList;
			buildConfigurations = (
				EFB32E4519CA488C00A19486 /* Debug */,
				EFB32E4619CA488C00A19486 /* Release */,
			);
			defaultConfigurationIsVisible = 0;
			defaultConfigurationName = Release;
		};
		EFB32E4719CA488C00A19486 /* Build configuration list for PBXNativeTarget "Postcard" */ = {
			isa = XCConfigurationList;
			buildConfigurations = (
				EFB32E4819CA488C00A19486 /* Debug */,
				EFB32E4919CA488C00A19486 /* Release */,
			);
			defaultConfigurationIsVisible = 0;
		};
		EFB32E4A19CA488C00A19486 /* Build configuration list for PBXNativeTarget "PostcardTests" */ = {
			isa = XCConfigurationList;
			buildConfigurations = (
				EFB32E4B19CA488C00A19486 /* Debug */,
				EFB32E4C19CA488C00A19486 /* Release */,
			);
			defaultConfigurationIsVisible = 0;
		};
/* End XCConfigurationList section */
	};
	rootObject = EFB32E2019CA488C00A19486 /* Project object */;
}
